
Microsoft Visual Studio Solution File, Format Version 12.00
# Visual Studio 2013
VisualStudioVersion = 12.0.31101.0
MinimumVisualStudioVersion = 10.0.40219.1
Project("{FAE04EC0-301F-11D3-BF4B-00C04F79EFBC}") = "RxSpatial", "RxSpatial\RxSpatial.csproj", "{0790F78C-E665-4F1F-9516-5E1C7F584D6B}"
EndProject
Project("{FAE04EC0-301F-11D3-BF4B-00C04F79EFBC}") = "ConsoleRunRxSpatial", "ConsoleRunRxSpatial\ConsoleRunRxSpatial.csproj", "{7E7E4AEF-2B57-4686-BB81-3B233D273725}"
EndProject
Project("{2150E333-8FDC-42A3-9474-1A3956D46DE8}") = "Solution Items", "Solution Items", "{D69F68B7-47AD-4DD2-B11F-1E45191524F5}"
EndProject
Project("{FAE04EC0-301F-11D3-BF4B-00C04F79EFBC}") = "MapRunRxSpatial", "MapRunRxSpatial\MapRunRxSpatial.csproj", "{54E08CE7-7C3D-4B5C-A743-5B73F29C9B6F}"
EndProject
Project("{FAE04EC0-301F-11D3-BF4B-00C04F79EFBC}") = "LoadTestApplication", "LoadTestApplication\LoadTestApplication.csproj", "{93ACFC6E-AC2C-4394-ACDB-EC64064CE326}"
EndProject
Project("{FAE04EC0-301F-11D3-BF4B-00C04F79EFBC}") = "ConsoleApplication2", "ConsoleApplication2\ConsoleApplication2.csproj", "{F0681C1B-069A-4401-A204-9945922CCA6C}"
EndProject
Project("{FAE04EC0-301F-11D3-BF4B-00C04F79EFBC}") = "memoryTestApplication", "memoryTestApplication\memoryTestApplication.csproj", "{72B33002-B73E-4430-A7B2-4E6B0614B0E8}"
EndProject
Project("{FAE04EC0-301F-11D3-BF4B-00C04F79EFBC}") = "Performance", "Performance\Performance.csproj", "{4A48D8D8-C509-4509-B654-30BBE5CFC2CA}"
EndProject
Global
	GlobalSection(TeamFoundationVersionControl) = preSolution
		SccNumberOfProjects = 8
		SccEnterpriseProvider = {4CA58AB2-18FA-4F8D-95D4-32DDF27D184C}
		SccTeamFoundationServer = https://mhali.visualstudio.com/defaultcollection
		SccLocalPath0 = .
		SccProjectUniqueName1 = ConsoleRunRxSpatial\\ConsoleRunRxSpatial.csproj
		SccProjectName1 = ConsoleRunRxSpatial
		SccLocalPath1 = ConsoleRunRxSpatial
		SccProjectUniqueName2 = RxSpatial\\RxSpatial.csproj
		SccProjectName2 = RxSpatial
		SccLocalPath2 = RxSpatial
		SccProjectUniqueName3 = MapRunRxSpatial\\MapRunRxSpatial.csproj
		SccProjectName3 = MapRunRxSpatial
		SccLocalPath3 = MapRunRxSpatial
		SccProjectUniqueName4 = LoadTestApplication\\LoadTestApplication.csproj
		SccProjectName4 = LoadTestApplication
		SccLocalPath4 = LoadTestApplication
		SccProjectUniqueName5 = ConsoleApplication2\\ConsoleApplication2.csproj
		SccProjectName5 = ConsoleApplication2
		SccLocalPath5 = ConsoleApplication2
		SccProjectUniqueName6 = memoryTestApplication\\memoryTestApplication.csproj
		SccProjectName6 = memoryTestApplication
		SccLocalPath6 = memoryTestApplication
		SccProjectUniqueName7 = Performance\\Performance.csproj
		SccProjectName7 = Performance
		SccLocalPath7 = Performance
	EndGlobalSection
	GlobalSection(SolutionConfigurationPlatforms) = preSolution
		Debug|Any CPU = Debug|Any CPU
		Debug|ARM = Debug|ARM
		Debug|Mixed Platforms = Debug|Mixed Platforms
		Debug|x64 = Debug|x64
		Debug|x86 = Debug|x86
		Release|Any CPU = Release|Any CPU
		Release|ARM = Release|ARM
		Release|Mixed Platforms = Release|Mixed Platforms
		Release|x64 = Release|x64
		Release|x86 = Release|x86
	EndGlobalSection
	GlobalSection(ProjectConfigurationPlatforms) = postSolution
		{0790F78C-E665-4F1F-9516-5E1C7F584D6B}.Debug|Any CPU.ActiveCfg = Debug|Any CPU
		{0790F78C-E665-4F1F-9516-5E1C7F584D6B}.Debug|Any CPU.Build.0 = Debug|Any CPU
		{0790F78C-E665-4F1F-9516-5E1C7F584D6B}.Debug|ARM.ActiveCfg = Debug|Any CPU
		{0790F78C-E665-4F1F-9516-5E1C7F584D6B}.Debug|Mixed Platforms.ActiveCfg = Debug|Any CPU
		{0790F78C-E665-4F1F-9516-5E1C7F584D6B}.Debug|Mixed Platforms.Build.0 = Debug|Any CPU
		{0790F78C-E665-4F1F-9516-5E1C7F584D6B}.Debug|x64.ActiveCfg = Debug|Any CPU
		{0790F78C-E665-4F1F-9516-5E1C7F584D6B}.Debug|x86.ActiveCfg = Debug|Any CPU
		{0790F78C-E665-4F1F-9516-5E1C7F584D6B}.Release|Any CPU.ActiveCfg = Release|Any CPU
		{0790F78C-E665-4F1F-9516-5E1C7F584D6B}.Release|Any CPU.Build.0 = Release|Any CPU
		{0790F78C-E665-4F1F-9516-5E1C7F584D6B}.Release|ARM.ActiveCfg = Release|Any CPU
		{0790F78C-E665-4F1F-9516-5E1C7F584D6B}.Release|Mixed Platforms.ActiveCfg = Release|Any CPU
		{0790F78C-E665-4F1F-9516-5E1C7F584D6B}.Release|Mixed Platforms.Build.0 = Release|Any CPU
		{0790F78C-E665-4F1F-9516-5E1C7F584D6B}.Release|x64.ActiveCfg = Release|Any CPU
		{0790F78C-E665-4F1F-9516-5E1C7F584D6B}.Release|x86.ActiveCfg = Release|Any CPU
		{7E7E4AEF-2B57-4686-BB81-3B233D273725}.Debug|Any CPU.ActiveCfg = Debug|Any CPU
		{7E7E4AEF-2B57-4686-BB81-3B233D273725}.Debug|Any CPU.Build.0 = Debug|Any CPU
		{7E7E4AEF-2B57-4686-BB81-3B233D273725}.Debug|ARM.ActiveCfg = Debug|Any CPU
		{7E7E4AEF-2B57-4686-BB81-3B233D273725}.Debug|Mixed Platforms.ActiveCfg = Debug|Any CPU
		{7E7E4AEF-2B57-4686-BB81-3B233D273725}.Debug|Mixed Platforms.Build.0 = Debug|Any CPU
		{7E7E4AEF-2B57-4686-BB81-3B233D273725}.Debug|x64.ActiveCfg = Debug|Any CPU
		{7E7E4AEF-2B57-4686-BB81-3B233D273725}.Debug|x86.ActiveCfg = Debug|Any CPU
		{7E7E4AEF-2B57-4686-BB81-3B233D273725}.Release|Any CPU.ActiveCfg = Release|Any CPU
		{7E7E4AEF-2B57-4686-BB81-3B233D273725}.Release|Any CPU.Build.0 = Release|Any CPU
		{7E7E4AEF-2B57-4686-BB81-3B233D273725}.Release|ARM.ActiveCfg = Release|Any CPU
		{7E7E4AEF-2B57-4686-BB81-3B233D273725}.Release|Mixed Platforms.ActiveCfg = Release|Any CPU
		{7E7E4AEF-2B57-4686-BB81-3B233D273725}.Release|Mixed Platforms.Build.0 = Release|Any CPU
		{7E7E4AEF-2B57-4686-BB81-3B233D273725}.Release|x64.ActiveCfg = Release|Any CPU
		{7E7E4AEF-2B57-4686-BB81-3B233D273725}.Release|x86.ActiveCfg = Release|Any CPU
		{54E08CE7-7C3D-4B5C-A743-5B73F29C9B6F}.Debug|Any CPU.ActiveCfg = Debug|Any CPU
		{54E08CE7-7C3D-4B5C-A743-5B73F29C9B6F}.Debug|Any CPU.Build.0 = Debug|Any CPU
		{54E08CE7-7C3D-4B5C-A743-5B73F29C9B6F}.Debug|ARM.ActiveCfg = Debug|Any CPU
		{54E08CE7-7C3D-4B5C-A743-5B73F29C9B6F}.Debug|Mixed Platforms.ActiveCfg = Debug|Any CPU
		{54E08CE7-7C3D-4B5C-A743-5B73F29C9B6F}.Debug|Mixed Platforms.Build.0 = Debug|Any CPU
		{54E08CE7-7C3D-4B5C-A743-5B73F29C9B6F}.Debug|x64.ActiveCfg = Debug|Any CPU
		{54E08CE7-7C3D-4B5C-A743-5B73F29C9B6F}.Debug|x86.ActiveCfg = Debug|Any CPU
		{54E08CE7-7C3D-4B5C-A743-5B73F29C9B6F}.Release|Any CPU.ActiveCfg = Release|Any CPU
		{54E08CE7-7C3D-4B5C-A743-5B73F29C9B6F}.Release|Any CPU.Build.0 = Release|Any CPU
		{54E08CE7-7C3D-4B5C-A743-5B73F29C9B6F}.Release|ARM.ActiveCfg = Release|Any CPU
		{54E08CE7-7C3D-4B5C-A743-5B73F29C9B6F}.Release|Mixed Platforms.ActiveCfg = Release|Any CPU
		{54E08CE7-7C3D-4B5C-A743-5B73F29C9B6F}.Release|Mixed Platforms.Build.0 = Release|Any CPU
		{54E08CE7-7C3D-4B5C-A743-5B73F29C9B6F}.Release|x64.ActiveCfg = Release|Any CPU
		{54E08CE7-7C3D-4B5C-A743-5B73F29C9B6F}.Release|x86.ActiveCfg = Release|Any CPU
		{93ACFC6E-AC2C-4394-ACDB-EC64064CE326}.Debug|Any CPU.ActiveCfg = Debug|Any CPU
		{93ACFC6E-AC2C-4394-ACDB-EC64064CE326}.Debug|Any CPU.Build.0 = Debug|Any CPU
		{93ACFC6E-AC2C-4394-ACDB-EC64064CE326}.Debug|ARM.ActiveCfg = Debug|Any CPU
		{93ACFC6E-AC2C-4394-ACDB-EC64064CE326}.Debug|Mixed Platforms.ActiveCfg = Debug|Any CPU
		{93ACFC6E-AC2C-4394-ACDB-EC64064CE326}.Debug|Mixed Platforms.Build.0 = Debug|Any CPU
		{93ACFC6E-AC2C-4394-ACDB-EC64064CE326}.Debug|x64.ActiveCfg = Debug|Any CPU
		{93ACFC6E-AC2C-4394-ACDB-EC64064CE326}.Debug|x86.ActiveCfg = Debug|Any CPU
		{93ACFC6E-AC2C-4394-ACDB-EC64064CE326}.Release|Any CPU.ActiveCfg = Release|Any CPU
		{93ACFC6E-AC2C-4394-ACDB-EC64064CE326}.Release|Any CPU.Build.0 = Release|Any CPU
		{93ACFC6E-AC2C-4394-ACDB-EC64064CE326}.Release|ARM.ActiveCfg = Release|Any CPU
		{93ACFC6E-AC2C-4394-ACDB-EC64064CE326}.Release|Mixed Platforms.ActiveCfg = Release|Any CPU
		{93ACFC6E-AC2C-4394-ACDB-EC64064CE326}.Release|Mixed Platforms.Build.0 = Release|Any CPU
		{93ACFC6E-AC2C-4394-ACDB-EC64064CE326}.Release|x64.ActiveCfg = Release|Any CPU
		{93ACFC6E-AC2C-4394-ACDB-EC64064CE326}.Release|x86.ActiveCfg = Release|Any CPU
		{F0681C1B-069A-4401-A204-9945922CCA6C}.Debug|Any CPU.ActiveCfg = Debug|Any CPU
		{F0681C1B-069A-4401-A204-9945922CCA6C}.Debug|Any CPU.Build.0 = Debug|Any CPU
		{F0681C1B-069A-4401-A204-9945922CCA6C}.Debug|ARM.ActiveCfg = Debug|Any CPU
		{F0681C1B-069A-4401-A204-9945922CCA6C}.Debug|Mixed Platforms.ActiveCfg = Debug|Any CPU
		{F0681C1B-069A-4401-A204-9945922CCA6C}.Debug|Mixed Platforms.Build.0 = Debug|Any CPU
		{F0681C1B-069A-4401-A204-9945922CCA6C}.Debug|x64.ActiveCfg = Debug|Any CPU
		{F0681C1B-069A-4401-A204-9945922CCA6C}.Debug|x86.ActiveCfg = Debug|Any CPU
		{F0681C1B-069A-4401-A204-9945922CCA6C}.Release|Any CPU.ActiveCfg = Release|Any CPU
		{F0681C1B-069A-4401-A204-9945922CCA6C}.Release|Any CPU.Build.0 = Release|Any CPU
		{F0681C1B-069A-4401-A204-9945922CCA6C}.Release|ARM.ActiveCfg = Release|Any CPU
		{F0681C1B-069A-4401-A204-9945922CCA6C}.Release|Mixed Platforms.ActiveCfg = Release|Any CPU
		{F0681C1B-069A-4401-A204-9945922CCA6C}.Release|Mixed Platforms.Build.0 = Release|Any CPU
		{F0681C1B-069A-4401-A204-9945922CCA6C}.Release|x64.ActiveCfg = Release|Any CPU
		{F0681C1B-069A-4401-A204-9945922CCA6C}.Release|x86.ActiveCfg = Release|Any CPU
		{72B33002-B73E-4430-A7B2-4E6B0614B0E8}.Debug|Any CPU.ActiveCfg = Debug|Any CPU
		{72B33002-B73E-4430-A7B2-4E6B0614B0E8}.Debug|Any CPU.Build.0 = Debug|Any CPU
		{72B33002-B73E-4430-A7B2-4E6B0614B0E8}.Debug|ARM.ActiveCfg = Debug|Any CPU
		{72B33002-B73E-4430-A7B2-4E6B0614B0E8}.Debug|Mixed Platforms.ActiveCfg = Debug|Any CPU
		{72B33002-B73E-4430-A7B2-4E6B0614B0E8}.Debug|Mixed Platforms.Build.0 = Debug|Any CPU
		{72B33002-B73E-4430-A7B2-4E6B0614B0E8}.Debug|x64.ActiveCfg = Debug|Any CPU
		{72B33002-B73E-4430-A7B2-4E6B0614B0E8}.Debug|x86.ActiveCfg = Debug|Any CPU
		{72B33002-B73E-4430-A7B2-4E6B0614B0E8}.Release|Any CPU.ActiveCfg = Release|Any CPU
		{72B33002-B73E-4430-A7B2-4E6B0614B0E8}.Release|Any CPU.Build.0 = Release|Any CPU
		{72B33002-B73E-4430-A7B2-4E6B0614B0E8}.Release|ARM.ActiveCfg = Release|Any CPU
		{72B33002-B73E-4430-A7B2-4E6B0614B0E8}.Release|Mixed Platforms.ActiveCfg = Release|Any CPU
		{72B33002-B73E-4430-A7B2-4E6B0614B0E8}.Release|Mixed Platforms.Build.0 = Release|Any CPU
		{72B33002-B73E-4430-A7B2-4E6B0614B0E8}.Release|x64.ActiveCfg = Release|Any CPU
		{72B33002-B73E-4430-A7B2-4E6B0614B0E8}.Release|x86.ActiveCfg = Release|Any CPU
		{4A48D8D8-C509-4509-B654-30BBE5CFC2CA}.Debug|Any CPU.ActiveCfg = Debug|Any CPU
		{4A48D8D8-C509-4509-B654-30BBE5CFC2CA}.Debug|Any CPU.Build.0 = Debug|Any CPU
		{4A48D8D8-C509-4509-B654-30BBE5CFC2CA}.Debug|ARM.ActiveCfg = Debug|Any CPU
		{4A48D8D8-C509-4509-B654-30BBE5CFC2CA}.Debug|Mixed Platforms.ActiveCfg = Debug|Any CPU
		{4A48D8D8-C509-4509-B654-30BBE5CFC2CA}.Debug|Mixed Platforms.Build.0 = Debug|Any CPU
		{4A48D8D8-C509-4509-B654-30BBE5CFC2CA}.Debug|x64.ActiveCfg = Debug|Any CPU
		{4A48D8D8-C509-4509-B654-30BBE5CFC2CA}.Debug|x86.ActiveCfg = Debug|Any CPU
		{4A48D8D8-C509-4509-B654-30BBE5CFC2CA}.Release|Any CPU.ActiveCfg = Release|Any CPU
		{4A48D8D8-C509-4509-B654-30BBE5CFC2CA}.Release|Any CPU.Build.0 = Release|Any CPU
		{4A48D8D8-C509-4509-B654-30BBE5CFC2CA}.Release|ARM.ActiveCfg = Release|Any CPU
		{4A48D8D8-C509-4509-B654-30BBE5CFC2CA}.Release|Mixed Platforms.ActiveCfg = Release|Any CPU
		{4A48D8D8-C509-4509-B654-30BBE5CFC2CA}.Release|Mixed Platforms.Build.0 = Release|Any CPU
		{4A48D8D8-C509-4509-B654-30BBE5CFC2CA}.Release|x64.ActiveCfg = Release|Any CPU
		{4A48D8D8-C509-4509-B654-30BBE5CFC2CA}.Release|x86.ActiveCfg = Release|Any CPU
	EndGlobalSection
	GlobalSection(SolutionProperties) = preSolution
		HideSolutionNode = FALSE
	EndGlobalSection
EndGlobal
